
Microsoft Visual Studio Solution File, Format Version 12.00
# Visual Studio Version 17
VisualStudioVersion = 17.9.34728.123
MinimumVisualStudioVersion = 10.0.40219.1
Project("{8BC9CEB8-8B4A-11D0-8D11-00A0C91BC942}") = "assignment3-6", "assignment3-6\assignment3-6.vcxproj", "{4F257E1E-F70D-4D40-9619-0EFAE4391300}"
EndProject
Global
	GlobalSection(SolutionConfigurationPlatforms) = preSolution
		Debug|x64 = Debug|x64
		Debug|x86 = Debug|x86
		Release|x64 = Release|x64
		Release|x86 = Release|x86
	EndGlobalSection
	GlobalSection(ProjectConfigurationPlatforms) = postSolution
		{4F257E1E-F70D-4D40-9619-0EFAE4391300}.Debug|x64.ActiveCfg = Debug|x64
		{4F257E1E-F70D-4D40-9619-0EFAE4391300}.Debug|x64.Build.0 = Debug|x64
		{4F257E1E-F70D-4D40-9619-0EFAE4391300}.Debug|x86.ActiveCfg = Debug|Win32
		{4F257E1E-F70D-4D40-9619-0EFAE4391300}.Debug|x86.Build.0 = Debug|Win32
		{4F257E1E-F70D-4D40-9619-0EFAE4391300}.Release|x64.ActiveCfg = Release|x64
		{4F257E1E-F70D-4D40-9619-0EFAE4391300}.Release|x64.Build.0 = Release|x64
		{4F257E1E-F70D-4D40-9619-0EFAE4391300}.Release|x86.ActiveCfg = Release|Win32
		{4F257E1E-F70D-4D40-9619-0EFAE4391300}.Release|x86.Build.0 = Release|Win32
	EndGlobalSection
	GlobalSection(SolutionProperties) = preSolution
		HideSolutionNode = FALSE
	EndGlobalSection
	GlobalSection(ExtensibilityGlobals) = postSolution
		SolutionGuid = {72DD0BF2-8578-4D5F-A749-AC6F645309AC}
	EndGlobalSection
EndGlobal
